
Microsoft Visual Studio Solution File, Format Version 12.00
# Visual Studio Version 16
VisualStudioVersion = 16.0.30611.23
MinimumVisualStudioVersion = 10.0.40219.1
Project("{FAE04EC0-301F-11D3-BF4B-00C04F79EFBC}") = "FciManagementSystem", "FciManagementSystem.csproj", "{B85D0041-5CF6-4BCD-B7C3-DB5326E53195}"
EndProject
Global
	GlobalSection(SolutionConfigurationPlatforms) = preSolution
		Debug|Any CPU = Debug|Any CPU
		Release|Any CPU = Release|Any CPU
	EndGlobalSection
	GlobalSection(ProjectConfigurationPlatforms) = postSolution
		{B85D0041-5CF6-4BCD-B7C3-DB5326E53195}.Debug|Any CPU.ActiveCfg = Debug|Any CPU
		{B85D0041-5CF6-4BCD-B7C3-DB5326E53195}.Debug|Any CPU.Build.0 = Debug|Any CPU
		{B85D0041-5CF6-4BCD-B7C3-DB5326E53195}.Release|Any CPU.ActiveCfg = Release|Any CPU
		{B85D0041-5CF6-4BCD-B7C3-DB5326E53195}.Release|Any CPU.Build.0 = Release|Any CPU
	EndGlobalSection
	GlobalSection(SolutionProperties) = preSolution
		HideSolutionNode = FALSE
	EndGlobalSection
	GlobalSection(ExtensibilityGlobals) = postSolution
		SolutionGuid = {EAFDB8CA-C027-4653-AA5B-4B86AAFAE6E0}
	EndGlobalSection
EndGlobal
